
Microsoft Visual Studio Solution File, Format Version 11.00
# Visual Studio 2010
Project("{8BC9CEB8-8B4A-11D0-8D11-00A0C91BC942}") = "PlatformEngine", "PlatformEngine\PlatformEngine.vcxproj", "{1212D544-8D73-4C79-9B99-85E1B4A23FBE}"
EndProject
Global
	GlobalSection(SolutionConfigurationPlatforms) = preSolution
		Debug|Win32 = Debug|Win32
		Release|Win32 = Release|Win32
	EndGlobalSection
	GlobalSection(ProjectConfigurationPlatforms) = postSolution
		{1212D544-8D73-4C79-9B99-85E1B4A23FBE}.Debug|Win32.ActiveCfg = Debug|Win32
		{1212D544-8D73-4C79-9B99-85E1B4A23FBE}.Debug|Win32.Build.0 = Debug|Win32
		{1212D544-8D73-4C79-9B99-85E1B4A23FBE}.Release|Win32.ActiveCfg = Release|Win32
		{1212D544-8D73-4C79-9B99-85E1B4A23FBE}.Release|Win32.Build.0 = Release|Win32
	EndGlobalSection
	GlobalSection(SolutionProperties) = preSolution
		HideSolutionNode = FALSE
	EndGlobalSection
EndGlobal
